
Microsoft Visual Studio Solution File, Format Version 12.00
# Visual Studio 2013
VisualStudioVersion = 12.0.40629.0
MinimumVisualStudioVersion = 10.0.40219.1
Project("{FAE04EC0-301F-11D3-BF4B-00C04F79EFBC}") = "ScreepsGUI", "ScreepsGUI\ScreepsGUI.csproj", "{AEBD4836-4B05-4E1D-B2CD-2FB1B23BCB63}"
EndProject
Project("{FAE04EC0-301F-11D3-BF4B-00C04F79EFBC}") = "ScreepsGUI.ClientAPI", "ScreepsGUI.ClientAPI\ScreepsGUI.ClientAPI.csproj", "{83EBB8C2-FC0F-4214-B2CF-B18ADC3DD093}"
EndProject
Project("{FAE04EC0-301F-11D3-BF4B-00C04F79EFBC}") = "ScreepsGUI.Tools", "ScreepsGUI.Tools\ScreepsGUI.Tools.csproj", "{A9EAF307-ABB2-458E-AD72-B7E72AE76C1B}"
EndProject
Global
	GlobalSection(SolutionConfigurationPlatforms) = preSolution
		Debug|Any CPU = Debug|Any CPU
		Release|Any CPU = Release|Any CPU
	EndGlobalSection
	GlobalSection(ProjectConfigurationPlatforms) = postSolution
		{AEBD4836-4B05-4E1D-B2CD-2FB1B23BCB63}.Debug|Any CPU.ActiveCfg = Debug|Any CPU
		{AEBD4836-4B05-4E1D-B2CD-2FB1B23BCB63}.Debug|Any CPU.Build.0 = Debug|Any CPU
		{AEBD4836-4B05-4E1D-B2CD-2FB1B23BCB63}.Release|Any CPU.ActiveCfg = Release|Any CPU
		{AEBD4836-4B05-4E1D-B2CD-2FB1B23BCB63}.Release|Any CPU.Build.0 = Release|Any CPU
		{83EBB8C2-FC0F-4214-B2CF-B18ADC3DD093}.Debug|Any CPU.ActiveCfg = Debug|Any CPU
		{83EBB8C2-FC0F-4214-B2CF-B18ADC3DD093}.Debug|Any CPU.Build.0 = Debug|Any CPU
		{83EBB8C2-FC0F-4214-B2CF-B18ADC3DD093}.Release|Any CPU.ActiveCfg = Release|Any CPU
		{83EBB8C2-FC0F-4214-B2CF-B18ADC3DD093}.Release|Any CPU.Build.0 = Release|Any CPU
		{A9EAF307-ABB2-458E-AD72-B7E72AE76C1B}.Debug|Any CPU.ActiveCfg = Debug|Any CPU
		{A9EAF307-ABB2-458E-AD72-B7E72AE76C1B}.Debug|Any CPU.Build.0 = Debug|Any CPU
		{A9EAF307-ABB2-458E-AD72-B7E72AE76C1B}.Release|Any CPU.ActiveCfg = Release|Any CPU
		{A9EAF307-ABB2-458E-AD72-B7E72AE76C1B}.Release|Any CPU.Build.0 = Release|Any CPU
	EndGlobalSection
	GlobalSection(SolutionProperties) = preSolution
		HideSolutionNode = FALSE
	EndGlobalSection
EndGlobal
